{
  "lockfileVersion": 1,
  "configVersion": 1,
  "workspaces": {
    "": {
      "name": "apfs-workspace-bench",
      "dependencies": {
        "commander": "^15.0.0",
        "tinybench": "6.0.2",
      },
    },
  },
  "packages": {
    "commander": ["commander@15.0.0", "", {}, "sha512-z67u4ZhzCL/Tydu1lJARtEZYWbWaN7oYLHbsuzocr6y4N6WZAagG3RQ4FW61V1/0+jImpj293XfrcYnd1qxtPg=="],

    "tinybench": ["tinybench@6.0.2", "", {}, "sha512-FlHoQpcFvCzeXK5kVPvV7IVgW/hs/B36QWTz876iSdeJguBDfdTSRQmYmaHX+fQNt4hp+gEFB2XXw+8hT4/y8A=="],
  }
}
