# This file is automatically @generated by Cargo.
# It is not intended for manual editing.
version = 4

[[package]]
name = "cowshed-cli"
version = "0.1.0"

[[package]]
name = "cowshed-core"
version = "0.1.0"

[[package]]
name = "cowshed-escape-tests"
version = "0.1.0"

[[package]]
name = "cowshed-gateway"
version = "0.1.0"

[[package]]
name = "cowshed-napi"
version = "0.1.0"
